
Microsoft Visual Studio Solution File, Format Version 11.00
# Visual Studio 2010
Project("{FAE04EC0-301F-11D3-BF4B-00C04F79EFBC}") = "LexsPublishDiscoverClient", "LexsPublishDiscoverClient\LexsPublishDiscoverClient.csproj", "{08E14680-6D9E-407C-A397-1FFDA7423861}"
EndProject
Project("{FAE04EC0-301F-11D3-BF4B-00C04F79EFBC}") = "LexsPublishDiscoverCommon", "LexsPublishDiscoverCommon\LexsPublishDiscoverCommon.csproj", "{81B1FFEF-3408-4D74-AD64-63F21F27C30F}"
EndProject
Project("{FAE04EC0-301F-11D3-BF4B-00C04F79EFBC}") = "LexsPublishDiscoverWebService", "LexsPublishDiscoverWebService\LexsPublishDiscoverWebService.csproj", "{C9839730-0F8E-406B-B4F4-C6805AE2156D}"
EndProject
Project("{FAE04EC0-301F-11D3-BF4B-00C04F79EFBC}") = "XmlSerializationUtils", "XmlSerializationUtil\XmlSerializationUtils.csproj", "{3D2B767C-67A6-4732-842E-8AC71577775A}"
EndProject
Project("{FAE04EC0-301F-11D3-BF4B-00C04F79EFBC}") = "LexsPDWebServiceHostApp", "LexsPDWebServiceHostApp\LexsPDWebServiceHostApp.csproj", "{BDC8DFDA-FA4A-4691-96F3-7A096A4B16F5}"
EndProject
Project("{FAE04EC0-301F-11D3-BF4B-00C04F79EFBC}") = "LexsPDWebServiceHost", "LexsPDWebServiceHost\LexsPDWebServiceHost.csproj", "{D82A7CC9-F0CC-4FD3-9F2B-2B2F9792309C}"
EndProject
Global
	GlobalSection(SolutionConfigurationPlatforms) = preSolution
		Debug|Any CPU = Debug|Any CPU
		Debug|Mixed Platforms = Debug|Mixed Platforms
		Debug|x86 = Debug|x86
		Release|Any CPU = Release|Any CPU
		Release|Mixed Platforms = Release|Mixed Platforms
		Release|x86 = Release|x86
	EndGlobalSection
	GlobalSection(ProjectConfigurationPlatforms) = postSolution
		{08E14680-6D9E-407C-A397-1FFDA7423861}.Debug|Any CPU.ActiveCfg = Debug|x86
		{08E14680-6D9E-407C-A397-1FFDA7423861}.Debug|Mixed Platforms.ActiveCfg = Debug|x86
		{08E14680-6D9E-407C-A397-1FFDA7423861}.Debug|Mixed Platforms.Build.0 = Debug|x86
		{08E14680-6D9E-407C-A397-1FFDA7423861}.Debug|x86.ActiveCfg = Debug|x86
		{08E14680-6D9E-407C-A397-1FFDA7423861}.Debug|x86.Build.0 = Debug|x86
		{08E14680-6D9E-407C-A397-1FFDA7423861}.Release|Any CPU.ActiveCfg = Release|x86
		{08E14680-6D9E-407C-A397-1FFDA7423861}.Release|Mixed Platforms.ActiveCfg = Release|x86
		{08E14680-6D9E-407C-A397-1FFDA7423861}.Release|Mixed Platforms.Build.0 = Release|x86
		{08E14680-6D9E-407C-A397-1FFDA7423861}.Release|x86.ActiveCfg = Release|x86
		{08E14680-6D9E-407C-A397-1FFDA7423861}.Release|x86.Build.0 = Release|x86
		{81B1FFEF-3408-4D74-AD64-63F21F27C30F}.Debug|Any CPU.ActiveCfg = Debug|Any CPU
		{81B1FFEF-3408-4D74-AD64-63F21F27C30F}.Debug|Any CPU.Build.0 = Debug|Any CPU
		{81B1FFEF-3408-4D74-AD64-63F21F27C30F}.Debug|Mixed Platforms.ActiveCfg = Debug|Any CPU
		{81B1FFEF-3408-4D74-AD64-63F21F27C30F}.Debug|Mixed Platforms.Build.0 = Debug|Any CPU
		{81B1FFEF-3408-4D74-AD64-63F21F27C30F}.Debug|x86.ActiveCfg = Debug|Any CPU
		{81B1FFEF-3408-4D74-AD64-63F21F27C30F}.Release|Any CPU.ActiveCfg = Release|Any CPU
		{81B1FFEF-3408-4D74-AD64-63F21F27C30F}.Release|Any CPU.Build.0 = Release|Any CPU
		{81B1FFEF-3408-4D74-AD64-63F21F27C30F}.Release|Mixed Platforms.ActiveCfg = Release|Any CPU
		{81B1FFEF-3408-4D74-AD64-63F21F27C30F}.Release|Mixed Platforms.Build.0 = Release|Any CPU
		{81B1FFEF-3408-4D74-AD64-63F21F27C30F}.Release|x86.ActiveCfg = Release|Any CPU
		{C9839730-0F8E-406B-B4F4-C6805AE2156D}.Debug|Any CPU.ActiveCfg = Debug|Any CPU
		{C9839730-0F8E-406B-B4F4-C6805AE2156D}.Debug|Any CPU.Build.0 = Debug|Any CPU
		{C9839730-0F8E-406B-B4F4-C6805AE2156D}.Debug|Mixed Platforms.ActiveCfg = Debug|Any CPU
		{C9839730-0F8E-406B-B4F4-C6805AE2156D}.Debug|Mixed Platforms.Build.0 = Debug|Any CPU
		{C9839730-0F8E-406B-B4F4-C6805AE2156D}.Debug|x86.ActiveCfg = Debug|Any CPU
		{C9839730-0F8E-406B-B4F4-C6805AE2156D}.Release|Any CPU.ActiveCfg = Release|Any CPU
		{C9839730-0F8E-406B-B4F4-C6805AE2156D}.Release|Any CPU.Build.0 = Release|Any CPU
		{C9839730-0F8E-406B-B4F4-C6805AE2156D}.Release|Mixed Platforms.ActiveCfg = Release|Any CPU
		{C9839730-0F8E-406B-B4F4-C6805AE2156D}.Release|Mixed Platforms.Build.0 = Release|Any CPU
		{C9839730-0F8E-406B-B4F4-C6805AE2156D}.Release|x86.ActiveCfg = Release|Any CPU
		{3D2B767C-67A6-4732-842E-8AC71577775A}.Debug|Any CPU.ActiveCfg = Debug|Any CPU
		{3D2B767C-67A6-4732-842E-8AC71577775A}.Debug|Any CPU.Build.0 = Debug|Any CPU
		{3D2B767C-67A6-4732-842E-8AC71577775A}.Debug|Mixed Platforms.ActiveCfg = Debug|Any CPU
		{3D2B767C-67A6-4732-842E-8AC71577775A}.Debug|Mixed Platforms.Build.0 = Debug|Any CPU
		{3D2B767C-67A6-4732-842E-8AC71577775A}.Debug|x86.ActiveCfg = Debug|Any CPU
		{3D2B767C-67A6-4732-842E-8AC71577775A}.Release|Any CPU.ActiveCfg = Release|Any CPU
		{3D2B767C-67A6-4732-842E-8AC71577775A}.Release|Any CPU.Build.0 = Release|Any CPU
		{3D2B767C-67A6-4732-842E-8AC71577775A}.Release|Mixed Platforms.ActiveCfg = Release|Any CPU
		{3D2B767C-67A6-4732-842E-8AC71577775A}.Release|Mixed Platforms.Build.0 = Release|Any CPU
		{3D2B767C-67A6-4732-842E-8AC71577775A}.Release|x86.ActiveCfg = Release|Any CPU
		{BDC8DFDA-FA4A-4691-96F3-7A096A4B16F5}.Debug|Any CPU.ActiveCfg = Debug|x86
		{BDC8DFDA-FA4A-4691-96F3-7A096A4B16F5}.Debug|Mixed Platforms.ActiveCfg = Debug|x86
		{BDC8DFDA-FA4A-4691-96F3-7A096A4B16F5}.Debug|Mixed Platforms.Build.0 = Debug|x86
		{BDC8DFDA-FA4A-4691-96F3-7A096A4B16F5}.Debug|x86.ActiveCfg = Debug|x86
		{BDC8DFDA-FA4A-4691-96F3-7A096A4B16F5}.Debug|x86.Build.0 = Debug|x86
		{BDC8DFDA-FA4A-4691-96F3-7A096A4B16F5}.Release|Any CPU.ActiveCfg = Release|x86
		{BDC8DFDA-FA4A-4691-96F3-7A096A4B16F5}.Release|Mixed Platforms.ActiveCfg = Release|x86
		{BDC8DFDA-FA4A-4691-96F3-7A096A4B16F5}.Release|Mixed Platforms.Build.0 = Release|x86
		{BDC8DFDA-FA4A-4691-96F3-7A096A4B16F5}.Release|x86.ActiveCfg = Release|x86
		{BDC8DFDA-FA4A-4691-96F3-7A096A4B16F5}.Release|x86.Build.0 = Release|x86
		{D82A7CC9-F0CC-4FD3-9F2B-2B2F9792309C}.Debug|Any CPU.ActiveCfg = Debug|Any CPU
		{D82A7CC9-F0CC-4FD3-9F2B-2B2F9792309C}.Debug|Any CPU.Build.0 = Debug|Any CPU
		{D82A7CC9-F0CC-4FD3-9F2B-2B2F9792309C}.Debug|Mixed Platforms.ActiveCfg = Debug|Any CPU
		{D82A7CC9-F0CC-4FD3-9F2B-2B2F9792309C}.Debug|Mixed Platforms.Build.0 = Debug|Any CPU
		{D82A7CC9-F0CC-4FD3-9F2B-2B2F9792309C}.Debug|x86.ActiveCfg = Debug|Any CPU
		{D82A7CC9-F0CC-4FD3-9F2B-2B2F9792309C}.Release|Any CPU.ActiveCfg = Release|Any CPU
		{D82A7CC9-F0CC-4FD3-9F2B-2B2F9792309C}.Release|Any CPU.Build.0 = Release|Any CPU
		{D82A7CC9-F0CC-4FD3-9F2B-2B2F9792309C}.Release|Mixed Platforms.ActiveCfg = Release|Any CPU
		{D82A7CC9-F0CC-4FD3-9F2B-2B2F9792309C}.Release|Mixed Platforms.Build.0 = Release|Any CPU
		{D82A7CC9-F0CC-4FD3-9F2B-2B2F9792309C}.Release|x86.ActiveCfg = Release|Any CPU
	EndGlobalSection
	GlobalSection(SolutionProperties) = preSolution
		HideSolutionNode = FALSE
	EndGlobalSection
EndGlobal
